
Microsoft Visual Studio Solution File, Format Version 12.00
# Visual Studio Version 16
VisualStudioVersion = 16.0.30204.135
MinimumVisualStudioVersion = 10.0.40219.1
Project("{FAE04EC0-301F-11D3-BF4B-00C04F79EFBC}") = "Task1", "Task1\Task1.csproj", "{23D81A2F-7280-487D-B1D1-CDB7F03D5B4C}"
EndProject
Global
	GlobalSection(SolutionConfigurationPlatforms) = preSolution
		Debug|Any CPU = Debug|Any CPU
		Release|Any CPU = Release|Any CPU
	EndGlobalSection
	GlobalSection(ProjectConfigurationPlatforms) = postSolution
		{23D81A2F-7280-487D-B1D1-CDB7F03D5B4C}.Debug|Any CPU.ActiveCfg = Debug|Any CPU
		{23D81A2F-7280-487D-B1D1-CDB7F03D5B4C}.Debug|Any CPU.Build.0 = Debug|Any CPU
		{23D81A2F-7280-487D-B1D1-CDB7F03D5B4C}.Release|Any CPU.ActiveCfg = Release|Any CPU
		{23D81A2F-7280-487D-B1D1-CDB7F03D5B4C}.Release|Any CPU.Build.0 = Release|Any CPU
	EndGlobalSection
	GlobalSection(SolutionProperties) = preSolution
		HideSolutionNode = FALSE
	EndGlobalSection
	GlobalSection(ExtensibilityGlobals) = postSolution
		SolutionGuid = {D81D9514-61F3-4439-A377-1ACF0C31178A}
	EndGlobalSection
EndGlobal
