
Microsoft Visual Studio Solution File, Format Version 12.00
# Visual Studio Version 16
VisualStudioVersion = 16.0.30204.135
MinimumVisualStudioVersion = 10.0.40219.1
Project("{FAE04EC0-301F-11D3-BF4B-00C04F79EFBC}") = "Task2", "Task2\Task2.csproj", "{AC0DABF7-9DEE-45EC-8D9C-B7D9B5A3A217}"
EndProject
Global
	GlobalSection(SolutionConfigurationPlatforms) = preSolution
		Debug|Any CPU = Debug|Any CPU
		Release|Any CPU = Release|Any CPU
	EndGlobalSection
	GlobalSection(ProjectConfigurationPlatforms) = postSolution
		{AC0DABF7-9DEE-45EC-8D9C-B7D9B5A3A217}.Debug|Any CPU.ActiveCfg = Debug|Any CPU
		{AC0DABF7-9DEE-45EC-8D9C-B7D9B5A3A217}.Debug|Any CPU.Build.0 = Debug|Any CPU
		{AC0DABF7-9DEE-45EC-8D9C-B7D9B5A3A217}.Release|Any CPU.ActiveCfg = Release|Any CPU
		{AC0DABF7-9DEE-45EC-8D9C-B7D9B5A3A217}.Release|Any CPU.Build.0 = Release|Any CPU
	EndGlobalSection
	GlobalSection(SolutionProperties) = preSolution
		HideSolutionNode = FALSE
	EndGlobalSection
	GlobalSection(ExtensibilityGlobals) = postSolution
		SolutionGuid = {57B842A0-6ECD-4ED9-AEB2-D31529357503}
	EndGlobalSection
EndGlobal
