
Microsoft Visual Studio Solution File, Format Version 12.00
# Visual Studio Version 16
VisualStudioVersion = 16.0.30204.135
MinimumVisualStudioVersion = 10.0.40219.1
Project("{FAE04EC0-301F-11D3-BF4B-00C04F79EFBC}") = "ConsoleApp1", "ConsoleApp1\ConsoleApp1.csproj", "{872A57E8-47C3-4C89-864E-4FF23BF83910}"
EndProject
Global
	GlobalSection(SolutionConfigurationPlatforms) = preSolution
		Debug|Any CPU = Debug|Any CPU
		Release|Any CPU = Release|Any CPU
	EndGlobalSection
	GlobalSection(ProjectConfigurationPlatforms) = postSolution
		{872A57E8-47C3-4C89-864E-4FF23BF83910}.Debug|Any CPU.ActiveCfg = Debug|Any CPU
		{872A57E8-47C3-4C89-864E-4FF23BF83910}.Debug|Any CPU.Build.0 = Debug|Any CPU
		{872A57E8-47C3-4C89-864E-4FF23BF83910}.Release|Any CPU.ActiveCfg = Release|Any CPU
		{872A57E8-47C3-4C89-864E-4FF23BF83910}.Release|Any CPU.Build.0 = Release|Any CPU
	EndGlobalSection
	GlobalSection(SolutionProperties) = preSolution
		HideSolutionNode = FALSE
	EndGlobalSection
	GlobalSection(ExtensibilityGlobals) = postSolution
		SolutionGuid = {11B638F2-0A13-473E-B5DE-0B47E9ADCADF}
	EndGlobalSection
EndGlobal
